
Microsoft Visual Studio Solution File, Format Version 12.00
# Visual Studio Version 17
VisualStudioVersion = 17.12.35527.113 d17.12
MinimumVisualStudioVersion = 10.0.40219.1
Project("{FAE04EC0-301F-11D3-BF4B-00C04F79EFBC}") = "ClassLibrary1", "ClassLibrary1\ClassLibrary1.csproj", "{FC19391E-5F09-4EC5-8C41-5E8E3E8D6100}"
EndProject
Project("{FAE04EC0-301F-11D3-BF4B-00C04F79EFBC}") = "UnitTestProject1", "UnitTestProject1\UnitTestProject1.csproj", "{0E800E3B-2BF8-4470-B799-EF3CF9D3AE1C}"
EndProject
Global
	GlobalSection(SolutionConfigurationPlatforms) = preSolution
		Debug|Any CPU = Debug|Any CPU
		Release|Any CPU = Release|Any CPU
	EndGlobalSection
	GlobalSection(ProjectConfigurationPlatforms) = postSolution
		{FC19391E-5F09-4EC5-8C41-5E8E3E8D6100}.Debug|Any CPU.ActiveCfg = Debug|Any CPU
		{FC19391E-5F09-4EC5-8C41-5E8E3E8D6100}.Debug|Any CPU.Build.0 = Debug|Any CPU
		{FC19391E-5F09-4EC5-8C41-5E8E3E8D6100}.Release|Any CPU.ActiveCfg = Release|Any CPU
		{FC19391E-5F09-4EC5-8C41-5E8E3E8D6100}.Release|Any CPU.Build.0 = Release|Any CPU
		{0E800E3B-2BF8-4470-B799-EF3CF9D3AE1C}.Debug|Any CPU.ActiveCfg = Debug|Any CPU
		{0E800E3B-2BF8-4470-B799-EF3CF9D3AE1C}.Debug|Any CPU.Build.0 = Debug|Any CPU
		{0E800E3B-2BF8-4470-B799-EF3CF9D3AE1C}.Release|Any CPU.ActiveCfg = Release|Any CPU
		{0E800E3B-2BF8-4470-B799-EF3CF9D3AE1C}.Release|Any CPU.Build.0 = Release|Any CPU
	EndGlobalSection
	GlobalSection(SolutionProperties) = preSolution
		HideSolutionNode = FALSE
	EndGlobalSection
EndGlobal
